
Microsoft Visual Studio Solution File, Format Version 12.00
# Visual Studio Version 17
VisualStudioVersion = 17.5.33414.496
MinimumVisualStudioVersion = 10.0.40219.1
Project("{FAE04EC0-301F-11D3-BF4B-00C04F79EFBC}") = "P231FirstMVC", "P231FirstMVC\P231FirstMVC.csproj", "{B69DE28D-3C7B-4704-99E9-8BEBFD465930}"
EndProject
Global
	GlobalSection(SolutionConfigurationPlatforms) = preSolution
		Debug|Any CPU = Debug|Any CPU
		Release|Any CPU = Release|Any CPU
	EndGlobalSection
	GlobalSection(ProjectConfigurationPlatforms) = postSolution
		{B69DE28D-3C7B-4704-99E9-8BEBFD465930}.Debug|Any CPU.ActiveCfg = Debug|Any CPU
		{B69DE28D-3C7B-4704-99E9-8BEBFD465930}.Debug|Any CPU.Build.0 = Debug|Any CPU
		{B69DE28D-3C7B-4704-99E9-8BEBFD465930}.Release|Any CPU.ActiveCfg = Release|Any CPU
		{B69DE28D-3C7B-4704-99E9-8BEBFD465930}.Release|Any CPU.Build.0 = Release|Any CPU
	EndGlobalSection
	GlobalSection(SolutionProperties) = preSolution
		HideSolutionNode = FALSE
	EndGlobalSection
	GlobalSection(ExtensibilityGlobals) = postSolution
		SolutionGuid = {792304DB-942A-4A1D-AC82-92664605D583}
	EndGlobalSection
EndGlobal
